// !$*UTF8*$!
{
	archiveVersion = 1;
	classes = {
	};
	objectVersion = 55;
	objects = {

/* Begin PBXBuildFile section */
		4045E41527EAFE4A00FBF3C2 /* MuviApp.swift in Sources */ = {isa = PBXBuildFile; fileRef = 4045E41427EAFE4A00FBF3C2 /* MuviApp.swift */; };
		4045E41727EAFE4A00FBF3C2 /* ContentView.swift in Sources */ = {isa = PBXBuildFile; fileRef = 4045E41627EAFE4A00FBF3C2 /* ContentView.swift */; };
		4045E41927EAFE4B00FBF3C2 /* Assets.xcassets in Resources */ = {isa = PBXBuildFile; fileRef = 4045E41827EAFE4B00FBF3C2 /* Assets.xcassets */; };
		4045E41C27EAFE4B00FBF3C2 /* Preview Assets.xcassets in Resources */ = {isa = PBXBuildFile; fileRef = 4045E41B27EAFE4B00FBF3C2 /* Preview Assets.xcassets */; };
		4045E41E27EAFE4B00FBF3C2 /* Persistence.swift in Sources */ = {isa = PBXBuildFile; fileRef = 4045E41D27EAFE4B00FBF3C2 /* Persistence.swift */; };
		4045E42127EAFE4B00FBF3C2 /* Muvi.xcdatamodeld in Sources */ = {isa = PBXBuildFile; fileRef = 4045E41F27EAFE4B00FBF3C2 /* Muvi.xcdatamodeld */; };
		4045E42B27EAFE4B00FBF3C2 /* MuviTests.swift in Sources */ = {isa = PBXBuildFile; fileRef = 4045E42A27EAFE4B00FBF3C2 /* MuviTests.swift */; };
		4045E43527EAFE4B00FBF3C2 /* MuviUITests.swift in Sources */ = {isa = PBXBuildFile; fileRef = 4045E43427EAFE4B00FBF3C2 /* MuviUITests.swift */; };
		4045E43727EAFE4B00FBF3C2 /* MuviUITestsLaunchTests.swift in Sources */ = {isa = PBXBuildFile; fileRef = 4045E43627EAFE4B00FBF3C2 /* MuviUITestsLaunchTests.swift */; };
		4045E44527EB071C00FBF3C2 /* ComingSoonCard.swift in Sources */ = {isa = PBXBuildFile; fileRef = 4045E44427EB071C00FBF3C2 /* ComingSoonCard.swift */; };
		4045E44827EB09FE00FBF3C2 /* Movie.swift in Sources */ = {isa = PBXBuildFile; fileRef = 4045E44727EB09FE00FBF3C2 /* Movie.swift */; };
		4045E44A27EB0F9200FBF3C2 /* Actor.swift in Sources */ = {isa = PBXBuildFile; fileRef = 4045E44927EB0F9200FBF3C2 /* Actor.swift */; };
		4045E44C27EB109500FBF3C2 /* MediaCardView.swift in Sources */ = {isa = PBXBuildFile; fileRef = 4045E44B27EB109500FBF3C2 /* MediaCardView.swift */; };
		4045E45327EB1AA200FBF3C2 /* Inter-Medium.ttf in Resources */ = {isa = PBXBuildFile; fileRef = 4045E44F27EB1AA200FBF3C2 /* Inter-Medium.ttf */; };
		4045E45427EB1AA200FBF3C2 /* Inter-Regular.ttf in Resources */ = {isa = PBXBuildFile; fileRef = 4045E45027EB1AA200FBF3C2 /* Inter-Regular.ttf */; };
		4045E45527EB1AA200FBF3C2 /* Inter-Bold.ttf in Resources */ = {isa = PBXBuildFile; fileRef = 4045E45127EB1AA200FBF3C2 /* Inter-Bold.ttf */; };
		4045E45627EB1AA200FBF3C2 /* Inter-SemiBold.ttf in Resources */ = {isa = PBXBuildFile; fileRef = 4045E45227EB1AA200FBF3C2 /* Inter-SemiBold.ttf */; };
		4045E45927EB1ACC00FBF3C2 /* Fonts.swift in Sources */ = {isa = PBXBuildFile; fileRef = 4045E45827EB1ACC00FBF3C2 /* Fonts.swift */; };
		4045E45B27EB1ADF00FBF3C2 /* Color.swift in Sources */ = {isa = PBXBuildFile; fileRef = 4045E45A27EB1ADF00FBF3C2 /* Color.swift */; };
		4045E45D27EB1AF000FBF3C2 /* Button.swift in Sources */ = {isa = PBXBuildFile; fileRef = 4045E45C27EB1AF000FBF3C2 /* Button.swift */; };
		4045E46027EB28DB00FBF3C2 /* MoviesView.swift in Sources */ = {isa = PBXBuildFile; fileRef = 4045E45F27EB28DB00FBF3C2 /* MoviesView.swift */; };
		4045E46327EB95BD00FBF3C2 /* MoviesViewModel.swift in Sources */ = {isa = PBXBuildFile; fileRef = 4045E46227EB95BD00FBF3C2 /* MoviesViewModel.swift */; };
		4045E47A27EBA43800FBF3C2 /* RequestParams.swift in Sources */ = {isa = PBXBuildFile; fileRef = 4045E46827EBA42E00FBF3C2 /* RequestParams.swift */; };
		4045E47B27EBA43800FBF3C2 /* HTTPMethod.swift in Sources */ = {isa = PBXBuildFile; fileRef = 4045E46927EBA42E00FBF3C2 /* HTTPMethod.swift */; };
		4045E47C27EBA43800FBF3C2 /* Request.swift in Sources */ = {isa = PBXBuildFile; fileRef = 4045E46A27EBA42E00FBF3C2 /* Request.swift */; };
		4045E47D27EBA43800FBF3C2 /* MultipartForm.swift in Sources */ = {isa = PBXBuildFile; fileRef = 4045E46627EBA42E00FBF3C2 /* MultipartForm.swift */; };
		4045E47E27EBA43800FBF3C2 /* APIClient.swift in Sources */ = {isa = PBXBuildFile; fileRef = 4045E46727EBA42E00FBF3C2 /* APIClient.swift */; };
		4045E47F27EBA43D00FBF3C2 /* PathMonitorClient.swift in Sources */ = {isa = PBXBuildFile; fileRef = 4045E46C27EBA42E00FBF3C2 /* PathMonitorClient.swift */; };
		4045E48027EBA43D00FBF3C2 /* Mocks.swift in Sources */ = {isa = PBXBuildFile; fileRef = 4045E46D27EBA42E00FBF3C2 /* Mocks.swift */; };
		4045E48327EBA4A600FBF3C2 /* RemoteMovie.swift in Sources */ = {isa = PBXBuildFile; fileRef = 4045E48227EBA4A600FBF3C2 /* RemoteMovie.swift */; };
		4045E48427EBA4C100FBF3C2 /* Responses.swift in Sources */ = {isa = PBXBuildFile; fileRef = 4045E47327EBA42E00FBF3C2 /* Responses.swift */; };
		4045E48527EBA4C600FBF3C2 /* ErrorResponses.swift in Sources */ = {isa = PBXBuildFile; fileRef = 4045E47927EBA42F00FBF3C2 /* ErrorResponses.swift */; };
		4045E48B27EDA0C700FBF3C2 /* MediaViewModel.swift in Sources */ = {isa = PBXBuildFile; fileRef = 4045E48A27EDA0C700FBF3C2 /* MediaViewModel.swift */; };
		4045E49127EDA31100FBF3C2 /* Serie.swift in Sources */ = {isa = PBXBuildFile; fileRef = 4045E49027EDA31100FBF3C2 /* Serie.swift */; };
		4045E49327EDA47300FBF3C2 /* Media.swift in Sources */ = {isa = PBXBuildFile; fileRef = 4045E49227EDA47300FBF3C2 /* Media.swift */; };
/* End PBXBuildFile section */

/* Begin PBXContainerItemProxy section */
		4045E42727EAFE4B00FBF3C2 /* PBXContainerItemProxy */ = {
			isa = PBXContainerItemProxy;
			containerPortal = 4045E40927EAFE4A00FBF3C2 /* Project object */;
			proxyType = 1;
			remoteGlobalIDString = 4045E41027EAFE4A00FBF3C2;
			remoteInfo = Muvi;
		};
		4045E43127EAFE4B00FBF3C2 /* PBXContainerItemProxy */ = {
			isa = PBXContainerItemProxy;
			containerPortal = 4045E40927EAFE4A00FBF3C2 /* Project object */;
			proxyType = 1;
			remoteGlobalIDString = 4045E41027EAFE4A00FBF3C2;
			remoteInfo = Muvi;
		};
/* End PBXContainerItemProxy section */

/* Begin PBXFileReference section */
		4045E41127EAFE4A00FBF3C2 /* Muvi.app */ = {isa = PBXFileReference; explicitFileType = wrapper.application; includeInIndex = 0; path = Muvi.app; sourceTree = BUILT_PRODUCTS_DIR; };
		4045E41427EAFE4A00FBF3C2 /* MuviApp.swift */ = {isa = PBXFileReference; lastKnownFileType = sourcecode.swift; path = MuviApp.swift; sourceTree = "<group>"; };
		4045E41627EAFE4A00FBF3C2 /* ContentView.swift */ = {isa = PBXFileReference; lastKnownFileType = sourcecode.swift; path = ContentView.swift; sourceTree = "<group>"; };
		4045E41827EAFE4B00FBF3C2 /* Assets.xcassets */ = {isa = PBXFileReference; lastKnownFileType = folder.assetcatalog; path = Assets.xcassets; sourceTree = "<group>"; };
		4045E41B27EAFE4B00FBF3C2 /* Preview Assets.xcassets */ = {isa = PBXFileReference; lastKnownFileType = folder.assetcatalog; path = "Preview Assets.xcassets"; sourceTree = "<group>"; };
		4045E41D27EAFE4B00FBF3C2 /* Persistence.swift */ = {isa = PBXFileReference; lastKnownFileType = sourcecode.swift; path = Persistence.swift; sourceTree = "<group>"; };
		4045E42027EAFE4B00FBF3C2 /* Muvi.xcdatamodel */ = {isa = PBXFileReference; lastKnownFileType = wrapper.xcdatamodel; path = Muvi.xcdatamodel; sourceTree = "<group>"; };
		4045E42627EAFE4B00FBF3C2 /* MuviTests.xctest */ = {isa = PBXFileReference; explicitFileType = wrapper.cfbundle; includeInIndex = 0; path = MuviTests.xctest; sourceTree = BUILT_PRODUCTS_DIR; };
		4045E42A27EAFE4B00FBF3C2 /* MuviTests.swift */ = {isa = PBXFileReference; lastKnownFileType = sourcecode.swift; path = MuviTests.swift; sourceTree = "<group>"; };
		4045E43027EAFE4B00FBF3C2 /* MuviUITests.xctest */ = {isa = PBXFileReference; explicitFileType = wrapper.cfbundle; includeInIndex = 0; path = MuviUITests.xctest; sourceTree = BUILT_PRODUCTS_DIR; };
		4045E43427EAFE4B00FBF3C2 /* MuviUITests.swift */ = {isa = PBXFileReference; lastKnownFileType = sourcecode.swift; path = MuviUITests.swift; sourceTree = "<group>"; };
		4045E43627EAFE4B00FBF3C2 /* MuviUITestsLaunchTests.swift */ = {isa = PBXFileReference; lastKnownFileType = sourcecode.swift; path = MuviUITestsLaunchTests.swift; sourceTree = "<group>"; };
		4045E44427EB071C00FBF3C2 /* ComingSoonCard.swift */ = {isa = PBXFileReference; lastKnownFileType = sourcecode.swift; path = ComingSoonCard.swift; sourceTree = "<group>"; };
		4045E44727EB09FE00FBF3C2 /* Movie.swift */ = {isa = PBXFileReference; lastKnownFileType = sourcecode.swift; path = Movie.swift; sourceTree = "<group>"; };
		4045E44927EB0F9200FBF3C2 /* Actor.swift */ = {isa = PBXFileReference; lastKnownFileType = sourcecode.swift; path = Actor.swift; sourceTree = "<group>"; };
		4045E44B27EB109500FBF3C2 /* MediaCardView.swift */ = {isa = PBXFileReference; lastKnownFileType = sourcecode.swift; path = MediaCardView.swift; sourceTree = "<group>"; };
		4045E44F27EB1AA200FBF3C2 /* Inter-Medium.ttf */ = {isa = PBXFileReference; lastKnownFileType = file; path = "Inter-Medium.ttf"; sourceTree = "<group>"; };
		4045E45027EB1AA200FBF3C2 /* Inter-Regular.ttf */ = {isa = PBXFileReference; lastKnownFileType = file; path = "Inter-Regular.ttf"; sourceTree = "<group>"; };
		4045E45127EB1AA200FBF3C2 /* Inter-Bold.ttf */ = {isa = PBXFileReference; lastKnownFileType = file; path = "Inter-Bold.ttf"; sourceTree = "<group>"; };
		4045E45227EB1AA200FBF3C2 /* Inter-SemiBold.ttf */ = {isa = PBXFileReference; lastKnownFileType = file; path = "Inter-SemiBold.ttf"; sourceTree = "<group>"; };
		4045E45827EB1ACC00FBF3C2 /* Fonts.swift */ = {isa = PBXFileReference; lastKnownFileType = sourcecode.swift; path = Fonts.swift; sourceTree = "<group>"; };
		4045E45A27EB1ADF00FBF3C2 /* Color.swift */ = {isa = PBXFileReference; lastKnownFileType = sourcecode.swift; path = Color.swift; sourceTree = "<group>"; };
		4045E45C27EB1AF000FBF3C2 /* Button.swift */ = {isa = PBXFileReference; lastKnownFileType = sourcecode.swift; path = Button.swift; sourceTree = "<group>"; };
		4045E45E27EB27D000FBF3C2 /* Info.plist */ = {isa = PBXFileReference; lastKnownFileType = text.plist; path = Info.plist; sourceTree = "<group>"; };
		4045E45F27EB28DB00FBF3C2 /* MoviesView.swift */ = {isa = PBXFileReference; lastKnownFileType = sourcecode.swift; path = MoviesView.swift; sourceTree = "<group>"; };
		4045E46227EB95BD00FBF3C2 /* MoviesViewModel.swift */ = {isa = PBXFileReference; lastKnownFileType = sourcecode.swift; path = MoviesViewModel.swift; sourceTree = "<group>"; };
		4045E46627EBA42E00FBF3C2 /* MultipartForm.swift */ = {isa = PBXFileReference; lastKnownFileType = sourcecode.swift; path = MultipartForm.swift; sourceTree = "<group>"; };
		4045E46727EBA42E00FBF3C2 /* APIClient.swift */ = {isa = PBXFileReference; lastKnownFileType = sourcecode.swift; path = APIClient.swift; sourceTree = "<group>"; };
		4045E46827EBA42E00FBF3C2 /* RequestParams.swift */ = {isa = PBXFileReference; lastKnownFileType = sourcecode.swift; path = RequestParams.swift; sourceTree = "<group>"; };
		4045E46927EBA42E00FBF3C2 /* HTTPMethod.swift */ = {isa = PBXFileReference; lastKnownFileType = sourcecode.swift; path = HTTPMethod.swift; sourceTree = "<group>"; };
		4045E46A27EBA42E00FBF3C2 /* Request.swift */ = {isa = PBXFileReference; lastKnownFileType = sourcecode.swift; path = Request.swift; sourceTree = "<group>"; };
		4045E46C27EBA42E00FBF3C2 /* PathMonitorClient.swift */ = {isa = PBXFileReference; lastKnownFileType = sourcecode.swift; path = PathMonitorClient.swift; sourceTree = "<group>"; };
		4045E46D27EBA42E00FBF3C2 /* Mocks.swift */ = {isa = PBXFileReference; lastKnownFileType = sourcecode.swift; path = Mocks.swift; sourceTree = "<group>"; };
		4045E47327EBA42E00FBF3C2 /* Responses.swift */ = {isa = PBXFileReference; lastKnownFileType = sourcecode.swift; path = Responses.swift; sourceTree = "<group>"; };
		4045E47927EBA42F00FBF3C2 /* ErrorResponses.swift */ = {isa = PBXFileReference; lastKnownFileType = sourcecode.swift; path = ErrorResponses.swift; sourceTree = "<group>"; };
		4045E48227EBA4A600FBF3C2 /* RemoteMovie.swift */ = {isa = PBXFileReference; lastKnownFileType = sourcecode.swift; path = RemoteMovie.swift; sourceTree = "<group>"; };
		4045E48827EBD0E100FBF3C2 /* Config.xcconfig */ = {isa = PBXFileReference; lastKnownFileType = text.xcconfig; path = Config.xcconfig; sourceTree = "<group>"; };
		4045E48A27EDA0C700FBF3C2 /* MediaViewModel.swift */ = {isa = PBXFileReference; lastKnownFileType = sourcecode.swift; path = MediaViewModel.swift; sourceTree = "<group>"; };
		4045E49027EDA31100FBF3C2 /* Serie.swift */ = {isa = PBXFileReference; lastKnownFileType = sourcecode.swift; path = Serie.swift; sourceTree = "<group>"; };
		4045E49227EDA47300FBF3C2 /* Media.swift */ = {isa = PBXFileReference; lastKnownFileType = sourcecode.swift; path = Media.swift; sourceTree = "<group>"; };
/* End PBXFileReference section */

/* Begin PBXFrameworksBuildPhase section */
		4045E40E27EAFE4A00FBF3C2 /* Frameworks */ = {
			isa = PBXFrameworksBuildPhase;
			buildActionMask = 2147483647;
			files = (
			);
			runOnlyForDeploymentPostprocessing = 0;
		};
		4045E42327EAFE4B00FBF3C2 /* Frameworks */ = {
			isa = PBXFrameworksBuildPhase;
			buildActionMask = 2147483647;
			files = (
			);
			runOnlyForDeploymentPostprocessing = 0;
		};
		4045E42D27EAFE4B00FBF3C2 /* Frameworks */ = {
			isa = PBXFrameworksBuildPhase;
			buildActionMask = 2147483647;
			files = (
			);
			runOnlyForDeploymentPostprocessing = 0;
		};
/* End PBXFrameworksBuildPhase section */

/* Begin PBXGroup section */
		4045E40827EAFE4A00FBF3C2 = {
			isa = PBXGroup;
			children = (
				4045E41327EAFE4A00FBF3C2 /* Muvi */,
				4045E42927EAFE4B00FBF3C2 /* MuviTests */,
				4045E43327EAFE4B00FBF3C2 /* MuviUITests */,
				4045E41227EAFE4A00FBF3C2 /* Products */,
			);
			sourceTree = "<group>";
		};
		4045E41227EAFE4A00FBF3C2 /* Products */ = {
			isa = PBXGroup;
			children = (
				4045E41127EAFE4A00FBF3C2 /* Muvi.app */,
				4045E42627EAFE4B00FBF3C2 /* MuviTests.xctest */,
				4045E43027EAFE4B00FBF3C2 /* MuviUITests.xctest */,
			);
			name = Products;
			sourceTree = "<group>";
		};
		4045E41327EAFE4A00FBF3C2 /* Muvi */ = {
			isa = PBXGroup;
			children = (
				4045E48F27EDA14600FBF3C2 /* Serie */,
				4045E45E27EB27D000FBF3C2 /* Info.plist */,
				4045E46427EBA42E00FBF3C2 /* API */,
				4045E45727EB1ABC00FBF3C2 /* DesignSystem */,
				4045E44D27EB1A7500FBF3C2 /* Resources */,
				4045E44627EB09EE00FBF3C2 /* Models */,
				4045E44327EB063500FBF3C2 /* Movies */,
				4045E48927EDA0B000FBF3C2 /* MediaDetails */,
				4045E41427EAFE4A00FBF3C2 /* MuviApp.swift */,
				4045E41627EAFE4A00FBF3C2 /* ContentView.swift */,
				4045E48627EBA51600FBF3C2 /* Storage */,
				4045E41A27EAFE4B00FBF3C2 /* Preview Content */,
			);
			path = Muvi;
			sourceTree = "<group>";
		};
		4045E41A27EAFE4B00FBF3C2 /* Preview Content */ = {
			isa = PBXGroup;
			children = (
				4045E41B27EAFE4B00FBF3C2 /* Preview Assets.xcassets */,
			);
			path = "Preview Content";
			sourceTree = "<group>";
		};
		4045E42927EAFE4B00FBF3C2 /* MuviTests */ = {
			isa = PBXGroup;
			children = (
				4045E42A27EAFE4B00FBF3C2 /* MuviTests.swift */,
			);
			path = MuviTests;
			sourceTree = "<group>";
		};
		4045E43327EAFE4B00FBF3C2 /* MuviUITests */ = {
			isa = PBXGroup;
			children = (
				4045E43427EAFE4B00FBF3C2 /* MuviUITests.swift */,
				4045E43627EAFE4B00FBF3C2 /* MuviUITestsLaunchTests.swift */,
			);
			path = MuviUITests;
			sourceTree = "<group>";
		};
		4045E44327EB063500FBF3C2 /* Movies */ = {
			isa = PBXGroup;
			children = (
				4045E46127EB95A400FBF3C2 /* ViewModel */,
				4045E48D27EDA12100FBF3C2 /* Views */,
			);
			path = Movies;
			sourceTree = "<group>";
		};
		4045E44627EB09EE00FBF3C2 /* Models */ = {
			isa = PBXGroup;
			children = (
				4045E44727EB09FE00FBF3C2 /* Movie.swift */,
				4045E44927EB0F9200FBF3C2 /* Actor.swift */,
				4045E49027EDA31100FBF3C2 /* Serie.swift */,
				4045E49227EDA47300FBF3C2 /* Media.swift */,
			);
			path = Models;
			sourceTree = "<group>";
		};
		4045E44D27EB1A7500FBF3C2 /* Resources */ = {
			isa = PBXGroup;
			children = (
				4045E41827EAFE4B00FBF3C2 /* Assets.xcassets */,
				4045E44E27EB1A7B00FBF3C2 /* fonts */,
				4045E48827EBD0E100FBF3C2 /* Config.xcconfig */,
			);
			path = Resources;
			sourceTree = "<group>";
		};
		4045E44E27EB1A7B00FBF3C2 /* fonts */ = {
			isa = PBXGroup;
			children = (
				4045E45127EB1AA200FBF3C2 /* Inter-Bold.ttf */,
				4045E44F27EB1AA200FBF3C2 /* Inter-Medium.ttf */,
				4045E45027EB1AA200FBF3C2 /* Inter-Regular.ttf */,
				4045E45227EB1AA200FBF3C2 /* Inter-SemiBold.ttf */,
			);
			path = fonts;
			sourceTree = "<group>";
		};
		4045E45727EB1ABC00FBF3C2 /* DesignSystem */ = {
			isa = PBXGroup;
			children = (
				4045E44B27EB109500FBF3C2 /* MediaCardView.swift */,
				4045E44427EB071C00FBF3C2 /* ComingSoonCard.swift */,
				4045E45827EB1ACC00FBF3C2 /* Fonts.swift */,
				4045E45A27EB1ADF00FBF3C2 /* Color.swift */,
				4045E45C27EB1AF000FBF3C2 /* Button.swift */,
			);
			path = DesignSystem;
			sourceTree = "<group>";
		};
		4045E46127EB95A400FBF3C2 /* ViewModel */ = {
			isa = PBXGroup;
			children = (
				4045E46227EB95BD00FBF3C2 /* MoviesViewModel.swift */,
			);
			path = ViewModel;
			sourceTree = "<group>";
		};
		4045E46427EBA42E00FBF3C2 /* API */ = {
			isa = PBXGroup;
			children = (
				4045E46527EBA42E00FBF3C2 /* HTTPClient */,
				4045E46B27EBA42E00FBF3C2 /* PathMonitor */,
				4045E47227EBA42E00FBF3C2 /* Requests */,
				4045E47327EBA42E00FBF3C2 /* Responses.swift */,
				4045E47427EBA42E00FBF3C2 /* Mappers */,
				4045E47927EBA42F00FBF3C2 /* ErrorResponses.swift */,
			);
			path = API;
			sourceTree = "<group>";
		};
		4045E46527EBA42E00FBF3C2 /* HTTPClient */ = {
			isa = PBXGroup;
			children = (
				4045E46627EBA42E00FBF3C2 /* MultipartForm.swift */,
				4045E46727EBA42E00FBF3C2 /* APIClient.swift */,
				4045E46827EBA42E00FBF3C2 /* RequestParams.swift */,
				4045E46927EBA42E00FBF3C2 /* HTTPMethod.swift */,
				4045E46A27EBA42E00FBF3C2 /* Request.swift */,
			);
			path = HTTPClient;
			sourceTree = "<group>";
		};
		4045E46B27EBA42E00FBF3C2 /* PathMonitor */ = {
			isa = PBXGroup;
			children = (
				4045E46C27EBA42E00FBF3C2 /* PathMonitorClient.swift */,
				4045E46D27EBA42E00FBF3C2 /* Mocks.swift */,
			);
			path = PathMonitor;
			sourceTree = "<group>";
		};
		4045E47227EBA42E00FBF3C2 /* Requests */ = {
			isa = PBXGroup;
			children = (
			);
			path = Requests;
			sourceTree = "<group>";
		};
		4045E47427EBA42E00FBF3C2 /* Mappers */ = {
			isa = PBXGroup;
			children = (
				4045E48227EBA4A600FBF3C2 /* RemoteMovie.swift */,
			);
			path = Mappers;
			sourceTree = "<group>";
		};
		4045E48627EBA51600FBF3C2 /* Storage */ = {
			isa = PBXGroup;
			children = (
				4045E41D27EAFE4B00FBF3C2 /* Persistence.swift */,
				4045E41F27EAFE4B00FBF3C2 /* Muvi.xcdatamodeld */,
			);
			path = Storage;
			sourceTree = "<group>";
		};
		4045E48927EDA0B000FBF3C2 /* MediaDetails */ = {
			isa = PBXGroup;
			children = (
				4045E48E27EDA13100FBF3C2 /* ViewModels */,
				4045E48C27EDA10900FBF3C2 /* Views */,
			);
			path = MediaDetails;
			sourceTree = "<group>";
		};
		4045E48C27EDA10900FBF3C2 /* Views */ = {
			isa = PBXGroup;
			children = (
			);
			path = Views;
			sourceTree = "<group>";
		};
		4045E48D27EDA12100FBF3C2 /* Views */ = {
			isa = PBXGroup;
			children = (
				4045E45F27EB28DB00FBF3C2 /* MoviesView.swift */,
			);
			path = Views;
			sourceTree = "<group>";
		};
		4045E48E27EDA13100FBF3C2 /* ViewModels */ = {
			isa = PBXGroup;
			children = (
				4045E48A27EDA0C700FBF3C2 /* MediaViewModel.swift */,
			);
			path = ViewModels;
			sourceTree = "<group>";
		};
		4045E48F27EDA14600FBF3C2 /* Serie */ = {
			isa = PBXGroup;
			children = (
			);
			path = Serie;
			sourceTree = "<group>";
		};
/* End PBXGroup section */

/* Begin PBXNativeTarget section */
		4045E41027EAFE4A00FBF3C2 /* Muvi */ = {
			isa = PBXNativeTarget;
			buildConfigurationList = 4045E43A27EAFE4B00FBF3C2 /* Build configuration list for PBXNativeTarget "Muvi" */;
			buildPhases = (
				4045E40D27EAFE4A00FBF3C2 /* Sources */,
				4045E40E27EAFE4A00FBF3C2 /* Frameworks */,
				4045E40F27EAFE4A00FBF3C2 /* Resources */,
			);
			buildRules = (
			);
			dependencies = (
			);
			name = Muvi;
			productName = Muvi;
			productReference = 4045E41127EAFE4A00FBF3C2 /* Muvi.app */;
			productType = "com.apple.product-type.application";
		};
		4045E42527EAFE4B00FBF3C2 /* MuviTests */ = {
			isa = PBXNativeTarget;
			buildConfigurationList = 4045E43D27EAFE4B00FBF3C2 /* Build configuration list for PBXNativeTarget "MuviTests" */;
			buildPhases = (
				4045E42227EAFE4B00FBF3C2 /* Sources */,
				4045E42327EAFE4B00FBF3C2 /* Frameworks */,
				4045E42427EAFE4B00FBF3C2 /* Resources */,
			);
			buildRules = (
			);
			dependencies = (
				4045E42827EAFE4B00FBF3C2 /* PBXTargetDependency */,
			);
			name = MuviTests;
			productName = MuviTests;
			productReference = 4045E42627EAFE4B00FBF3C2 /* MuviTests.xctest */;
			productType = "com.apple.product-type.bundle.unit-test";
		};
		4045E42F27EAFE4B00FBF3C2 /* MuviUITests */ = {
			isa = PBXNativeTarget;
			buildConfigurationList = 4045E44027EAFE4B00FBF3C2 /* Build configuration list for PBXNativeTarget "MuviUITests" */;
			buildPhases = (
				4045E42C27EAFE4B00FBF3C2 /* Sources */,
				4045E42D27EAFE4B00FBF3C2 /* Frameworks */,
				4045E42E27EAFE4B00FBF3C2 /* Resources */,
			);
			buildRules = (
			);
			dependencies = (
				4045E43227EAFE4B00FBF3C2 /* PBXTargetDependency */,
			);
			name = MuviUITests;
			productName = MuviUITests;
			productReference = 4045E43027EAFE4B00FBF3C2 /* MuviUITests.xctest */;
			productType = "com.apple.product-type.bundle.ui-testing";
		};
/* End PBXNativeTarget section */

/* Begin PBXProject section */
		4045E40927EAFE4A00FBF3C2 /* Project object */ = {
			isa = PBXProject;
			attributes = {
				BuildIndependentTargetsInParallel = 1;
				LastSwiftUpdateCheck = 1330;
				LastUpgradeCheck = 1330;
				TargetAttributes = {
					4045E41027EAFE4A00FBF3C2 = {
						CreatedOnToolsVersion = 13.3;
					};
					4045E42527EAFE4B00FBF3C2 = {
						CreatedOnToolsVersion = 13.3;
						TestTargetID = 4045E41027EAFE4A00FBF3C2;
					};
					4045E42F27EAFE4B00FBF3C2 = {
						CreatedOnToolsVersion = 13.3;
						TestTargetID = 4045E41027EAFE4A00FBF3C2;
					};
				};
			};
			buildConfigurationList = 4045E40C27EAFE4A00FBF3C2 /* Build configuration list for PBXProject "Muvi" */;
			compatibilityVersion = "Xcode 13.0";
			developmentRegion = en;
			hasScannedForEncodings = 0;
			knownRegions = (
				en,
				Base,
			);
			mainGroup = 4045E40827EAFE4A00FBF3C2;
			productRefGroup = 4045E41227EAFE4A00FBF3C2 /* Products */;
			projectDirPath = "";
			projectRoot = "";
			targets = (
				4045E41027EAFE4A00FBF3C2 /* Muvi */,
				4045E42527EAFE4B00FBF3C2 /* MuviTests */,
				4045E42F27EAFE4B00FBF3C2 /* MuviUITests */,
			);
		};
/* End PBXProject section */

/* Begin PBXResourcesBuildPhase section */
		4045E40F27EAFE4A00FBF3C2 /* Resources */ = {
			isa = PBXResourcesBuildPhase;
			buildActionMask = 2147483647;
			files = (
				4045E45627EB1AA200FBF3C2 /* Inter-SemiBold.ttf in Resources */,
				4045E41C27EAFE4B00FBF3C2 /* Preview Assets.xcassets in Resources */,
				4045E45527EB1AA200FBF3C2 /* Inter-Bold.ttf in Resources */,
				4045E41927EAFE4B00FBF3C2 /* Assets.xcassets in Resources */,
				4045E45427EB1AA200FBF3C2 /* Inter-Regular.ttf in Resources */,
				4045E45327EB1AA200FBF3C2 /* Inter-Medium.ttf in Resources */,
			);
			runOnlyForDeploymentPostprocessing = 0;
		};
		4045E42427EAFE4B00FBF3C2 /* Resources */ = {
			isa = PBXResourcesBuildPhase;
			buildActionMask = 2147483647;
			files = (
			);
			runOnlyForDeploymentPostprocessing = 0;
		};
		4045E42E27EAFE4B00FBF3C2 /* Resources */ = {
			isa = PBXResourcesBuildPhase;
			buildActionMask = 2147483647;
			files = (
			);
			runOnlyForDeploymentPostprocessing = 0;
		};
/* End PBXResourcesBuildPhase section */

/* Begin PBXSourcesBuildPhase section */
		4045E40D27EAFE4A00FBF3C2 /* Sources */ = {
			isa = PBXSourcesBuildPhase;
			buildActionMask = 2147483647;
			files = (
				4045E44827EB09FE00FBF3C2 /* Movie.swift in Sources */,
				4045E47C27EBA43800FBF3C2 /* Request.swift in Sources */,
				4045E46027EB28DB00FBF3C2 /* MoviesView.swift in Sources */,
				4045E44527EB071C00FBF3C2 /* ComingSoonCard.swift in Sources */,
				4045E41E27EAFE4B00FBF3C2 /* Persistence.swift in Sources */,
				4045E48527EBA4C600FBF3C2 /* ErrorResponses.swift in Sources */,
				4045E45B27EB1ADF00FBF3C2 /* Color.swift in Sources */,
				4045E47F27EBA43D00FBF3C2 /* PathMonitorClient.swift in Sources */,
				4045E47D27EBA43800FBF3C2 /* MultipartForm.swift in Sources */,
				4045E49127EDA31100FBF3C2 /* Serie.swift in Sources */,
				4045E49327EDA47300FBF3C2 /* Media.swift in Sources */,
				4045E41727EAFE4A00FBF3C2 /* ContentView.swift in Sources */,
				4045E44C27EB109500FBF3C2 /* MediaCardView.swift in Sources */,
				4045E48427EBA4C100FBF3C2 /* Responses.swift in Sources */,
				4045E46327EB95BD00FBF3C2 /* MoviesViewModel.swift in Sources */,
				4045E47B27EBA43800FBF3C2 /* HTTPMethod.swift in Sources */,
				4045E42127EAFE4B00FBF3C2 /* Muvi.xcdatamodeld in Sources */,
				4045E44A27EB0F9200FBF3C2 /* Actor.swift in Sources */,
				4045E45927EB1ACC00FBF3C2 /* Fonts.swift in Sources */,
				4045E47A27EBA43800FBF3C2 /* RequestParams.swift in Sources */,
				4045E41527EAFE4A00FBF3C2 /* MuviApp.swift in Sources */,
				4045E48B27EDA0C700FBF3C2 /* MediaViewModel.swift in Sources */,
				4045E45D27EB1AF000FBF3C2 /* Button.swift in Sources */,
				4045E48327EBA4A600FBF3C2 /* RemoteMovie.swift in Sources */,
				4045E47E27EBA43800FBF3C2 /* APIClient.swift in Sources */,
				4045E48027EBA43D00FBF3C2 /* Mocks.swift in Sources */,
			);
			runOnlyForDeploymentPostprocessing = 0;
		};
		4045E42227EAFE4B00FBF3C2 /* Sources */ = {
			isa = PBXSourcesBuildPhase;
			buildActionMask = 2147483647;
			files = (
				4045E42B27EAFE4B00FBF3C2 /* MuviTests.swift in Sources */,
			);
			runOnlyForDeploymentPostprocessing = 0;
		};
		4045E42C27EAFE4B00FBF3C2 /* Sources */ = {
			isa = PBXSourcesBuildPhase;
			buildActionMask = 2147483647;
			files = (
				4045E43527EAFE4B00FBF3C2 /* MuviUITests.swift in Sources */,
				4045E43727EAFE4B00FBF3C2 /* MuviUITestsLaunchTests.swift in Sources */,
			);
			runOnlyForDeploymentPostprocessing = 0;
		};
/* End PBXSourcesBuildPhase section */

/* Begin PBXTargetDependency section */
		4045E42827EAFE4B00FBF3C2 /* PBXTargetDependency */ = {
			isa = PBXTargetDependency;
			target = 4045E41027EAFE4A00FBF3C2 /* Muvi */;
			targetProxy = 4045E42727EAFE4B00FBF3C2 /* PBXContainerItemProxy */;
		};
		4045E43227EAFE4B00FBF3C2 /* PBXTargetDependency */ = {
			isa = PBXTargetDependency;
			target = 4045E41027EAFE4A00FBF3C2 /* Muvi */;
			targetProxy = 4045E43127EAFE4B00FBF3C2 /* PBXContainerItemProxy */;
		};
/* End PBXTargetDependency section */

/* Begin XCBuildConfiguration section */
		4045E43827EAFE4B00FBF3C2 /* Debug */ = {
			isa = XCBuildConfiguration;
			baseConfigurationReference = 4045E48827EBD0E100FBF3C2 /* Config.xcconfig */;
			buildSettings = {
				ALWAYS_SEARCH_USER_PATHS = NO;
				CLANG_ANALYZER_NONNULL = YES;
				CLANG_ANALYZER_NUMBER_OBJECT_CONVERSION = YES_AGGRESSIVE;
				CLANG_CXX_LANGUAGE_STANDARD = "gnu++17";
				CLANG_ENABLE_MODULES = YES;
				CLANG_ENABLE_OBJC_ARC = YES;
				CLANG_ENABLE_OBJC_WEAK = YES;
				CLANG_WARN_BLOCK_CAPTURE_AUTORELEASING = YES;
				CLANG_WARN_BOOL_CONVERSION = YES;
				CLANG_WARN_COMMA = YES;
				CLANG_WARN_CONSTANT_CONVERSION = YES;
				CLANG_WARN_DEPRECATED_OBJC_IMPLEMENTATIONS = YES;
				CLANG_WARN_DIRECT_OBJC_ISA_USAGE = YES_ERROR;
				CLANG_WARN_DOCUMENTATION_COMMENTS = YES;
				CLANG_WARN_EMPTY_BODY = YES;
				CLANG_WARN_ENUM_CONVERSION = YES;
				CLANG_WARN_INFINITE_RECURSION = YES;
				CLANG_WARN_INT_CONVERSION = YES;
				CLANG_WARN_NON_LITERAL_NULL_CONVERSION = YES;
				CLANG_WARN_OBJC_IMPLICIT_RETAIN_SELF = YES;
				CLANG_WARN_OBJC_LITERAL_CONVERSION = YES;
				CLANG_WARN_OBJC_ROOT_CLASS = YES_ERROR;
				CLANG_WARN_QUOTED_INCLUDE_IN_FRAMEWORK_HEADER = YES;
				CLANG_WARN_RANGE_LOOP_ANALYSIS = YES;
				CLANG_WARN_STRICT_PROTOTYPES = YES;
				CLANG_WARN_SUSPICIOUS_MOVE = YES;
				CLANG_WARN_UNGUARDED_AVAILABILITY = YES_AGGRESSIVE;
				CLANG_WARN_UNREACHABLE_CODE = YES;
				CLANG_WARN__DUPLICATE_METHOD_MATCH = YES;
				COPY_PHASE_STRIP = NO;
				DEBUG_INFORMATION_FORMAT = dwarf;
				ENABLE_STRICT_OBJC_MSGSEND = YES;
				ENABLE_TESTABILITY = YES;
				GCC_C_LANGUAGE_STANDARD = gnu11;
				GCC_DYNAMIC_NO_PIC = NO;
				GCC_NO_COMMON_BLOCKS = YES;
				GCC_OPTIMIZATION_LEVEL = 0;
				GCC_PREPROCESSOR_DEFINITIONS = (
					"DEBUG=1",
					"$(inherited)",
				);
				GCC_WARN_64_TO_32_BIT_CONVERSION = YES;
				GCC_WARN_ABOUT_RETURN_TYPE = YES_ERROR;
				GCC_WARN_UNDECLARED_SELECTOR = YES;
				GCC_WARN_UNINITIALIZED_AUTOS = YES_AGGRESSIVE;
				GCC_WARN_UNUSED_FUNCTION = YES;
				GCC_WARN_UNUSED_VARIABLE = YES;
				IPHONEOS_DEPLOYMENT_TARGET = 15.4;
				MTL_ENABLE_DEBUG_INFO = INCLUDE_SOURCE;
				MTL_FAST_MATH = YES;
				ONLY_ACTIVE_ARCH = YES;
				SDKROOT = iphoneos;
				SWIFT_ACTIVE_COMPILATION_CONDITIONS = DEBUG;
				SWIFT_OPTIMIZATION_LEVEL = "-Onone";
			};
			name = Debug;
		};
		4045E43927EAFE4B00FBF3C2 /* Release */ = {
			isa = XCBuildConfiguration;
			baseConfigurationReference = 4045E48827EBD0E100FBF3C2 /* Config.xcconfig */;
			buildSettings = {
				ALWAYS_SEARCH_USER_PATHS = NO;
				CLANG_ANALYZER_NONNULL = YES;
				CLANG_ANALYZER_NUMBER_OBJECT_CONVERSION = YES_AGGRESSIVE;
				CLANG_CXX_LANGUAGE_STANDARD = "gnu++17";
				CLANG_ENABLE_MODULES = YES;
				CLANG_ENABLE_OBJC_ARC = YES;
				CLANG_ENABLE_OBJC_WEAK = YES;
				CLANG_WARN_BLOCK_CAPTURE_AUTORELEASING = YES;
				CLANG_WARN_BOOL_CONVERSION = YES;
				CLANG_WARN_COMMA = YES;
				CLANG_WARN_CONSTANT_CONVERSION = YES;
				CLANG_WARN_DEPRECATED_OBJC_IMPLEMENTATIONS = YES;
				CLANG_WARN_DIRECT_OBJC_ISA_USAGE = YES_ERROR;
				CLANG_WARN_DOCUMENTATION_COMMENTS = YES;
				CLANG_WARN_EMPTY_BODY = YES;
				CLANG_WARN_ENUM_CONVERSION = YES;
				CLANG_WARN_INFINITE_RECURSION = YES;
				CLANG_WARN_INT_CONVERSION = YES;
				CLANG_WARN_NON_LITERAL_NULL_CONVERSION = YES;
				CLANG_WARN_OBJC_IMPLICIT_RETAIN_SELF = YES;
				CLANG_WARN_OBJC_LITERAL_CONVERSION = YES;
				CLANG_WARN_OBJC_ROOT_CLASS = YES_ERROR;
				CLANG_WARN_QUOTED_INCLUDE_IN_FRAMEWORK_HEADER = YES;
				CLANG_WARN_RANGE_LOOP_ANALYSIS = YES;
				CLANG_WARN_STRICT_PROTOTYPES = YES;
				CLANG_WARN_SUSPICIOUS_MOVE = YES;
				CLANG_WARN_UNGUARDED_AVAILABILITY = YES_AGGRESSIVE;
				CLANG_WARN_UNREACHABLE_CODE = YES;
				CLANG_WARN__DUPLICATE_METHOD_MATCH = YES;
				COPY_PHASE_STRIP = NO;
				DEBUG_INFORMATION_FORMAT = "dwarf-with-dsym";
				ENABLE_NS_ASSERTIONS = NO;
				ENABLE_STRICT_OBJC_MSGSEND = YES;
				GCC_C_LANGUAGE_STANDARD = gnu11;
				GCC_NO_COMMON_BLOCKS = YES;
				GCC_WARN_64_TO_32_BIT_CONVERSION = YES;
				GCC_WARN_ABOUT_RETURN_TYPE = YES_ERROR;
				GCC_WARN_UNDECLARED_SELECTOR = YES;
				GCC_WARN_UNINITIALIZED_AUTOS = YES_AGGRESSIVE;
				GCC_WARN_UNUSED_FUNCTION = YES;
				GCC_WARN_UNUSED_VARIABLE = YES;
				IPHONEOS_DEPLOYMENT_TARGET = 15.4;
				MTL_ENABLE_DEBUG_INFO = NO;
				MTL_FAST_MATH = YES;
				SDKROOT = iphoneos;
				SWIFT_COMPILATION_MODE = wholemodule;
				SWIFT_OPTIMIZATION_LEVEL = "-O";
				VALIDATE_PRODUCT = YES;
			};
			name = Release;
		};
		4045E43B27EAFE4B00FBF3C2 /* Debug */ = {
			isa = XCBuildConfiguration;
			buildSettings = {
				ASSETCATALOG_COMPILER_APPICON_NAME = AppIcon;
				ASSETCATALOG_COMPILER_GLOBAL_ACCENT_COLOR_NAME = AccentColor;
				CODE_SIGN_STYLE = Automatic;
				CURRENT_PROJECT_VERSION = 1;
				DEVELOPMENT_ASSET_PATHS = "\"Muvi/Preview Content\"";
				DEVELOPMENT_TEAM = ZM7Z6QL6F3;
				ENABLE_PREVIEWS = YES;
				GENERATE_INFOPLIST_FILE = YES;
				INFOPLIST_FILE = Muvi/Info.plist;
				INFOPLIST_KEY_UIApplicationSceneManifest_Generation = YES;
				INFOPLIST_KEY_UIApplicationSupportsIndirectInputEvents = YES;
				INFOPLIST_KEY_UILaunchScreen_Generation = YES;
				INFOPLIST_KEY_UISupportedInterfaceOrientations_iPad = "UIInterfaceOrientationPortrait UIInterfaceOrientationPortraitUpsideDown UIInterfaceOrientationLandscapeLeft UIInterfaceOrientationLandscapeRight";
				INFOPLIST_KEY_UISupportedInterfaceOrientations_iPhone = "UIInterfaceOrientationPortrait UIInterfaceOrientationLandscapeLeft UIInterfaceOrientationLandscapeRight";
				LD_RUNPATH_SEARCH_PATHS = (
					"$(inherited)",
					"@executable_path/Frameworks",
				);
				MARKETING_VERSION = 1.0;
				PRODUCT_BUNDLE_IDENTIFIER = dev.iciss.Muvi;
				PRODUCT_NAME = "$(TARGET_NAME)";
				SWIFT_EMIT_LOC_STRINGS = YES;
				SWIFT_VERSION = 5.0;
				TARGETED_DEVICE_FAMILY = "1,2";
			};
			name = Debug;
		};
		4045E43C27EAFE4B00FBF3C2 /* Release */ = {
			isa = XCBuildConfiguration;
			buildSettings = {
				ASSETCATALOG_COMPILER_APPICON_NAME = AppIcon;
				ASSETCATALOG_COMPILER_GLOBAL_ACCENT_COLOR_NAME = AccentColor;
				CODE_SIGN_STYLE = Automatic;
				CURRENT_PROJECT_VERSION = 1;
				DEVELOPMENT_ASSET_PATHS = "\"Muvi/Preview Content\"";
				DEVELOPMENT_TEAM = ZM7Z6QL6F3;
				ENABLE_PREVIEWS = YES;
				GENERATE_INFOPLIST_FILE = YES;
				INFOPLIST_FILE = Muvi/Info.plist;
				INFOPLIST_KEY_UIApplicationSceneManifest_Generation = YES;
				INFOPLIST_KEY_UIApplicationSupportsIndirectInputEvents = YES;
				INFOPLIST_KEY_UILaunchScreen_Generation = YES;
				INFOPLIST_KEY_UISupportedInterfaceOrientations_iPad = "UIInterfaceOrientationPortrait UIInterfaceOrientationPortraitUpsideDown UIInterfaceOrientationLandscapeLeft UIInterfaceOrientationLandscapeRight";
				INFOPLIST_KEY_UISupportedInterfaceOrientations_iPhone = "UIInterfaceOrientationPortrait UIInterfaceOrientationLandscapeLeft UIInterfaceOrientationLandscapeRight";
				LD_RUNPATH_SEARCH_PATHS = (
					"$(inherited)",
					"@executable_path/Frameworks",
				);
				MARKETING_VERSION = 1.0;
				PRODUCT_BUNDLE_IDENTIFIER = dev.iciss.Muvi;
				PRODUCT_NAME = "$(TARGET_NAME)";
				SWIFT_EMIT_LOC_STRINGS = YES;
				SWIFT_VERSION = 5.0;
				TARGETED_DEVICE_FAMILY = "1,2";
			};
			name = Release;
		};
		4045E43E27EAFE4B00FBF3C2 /* Debug */ = {
			isa = XCBuildConfiguration;
			buildSettings = {
				ALWAYS_EMBED_SWIFT_STANDARD_LIBRARIES = YES;
				BUNDLE_LOADER = "$(TEST_HOST)";
				CODE_SIGN_STYLE = Automatic;
				CURRENT_PROJECT_VERSION = 1;
				DEVELOPMENT_TEAM = ZM7Z6QL6F3;
				GENERATE_INFOPLIST_FILE = YES;
				IPHONEOS_DEPLOYMENT_TARGET = 15.4;
				MARKETING_VERSION = 1.0;
				PRODUCT_BUNDLE_IDENTIFIER = dev.iciss.MuviTests;
				PRODUCT_NAME = "$(TARGET_NAME)";
				SWIFT_EMIT_LOC_STRINGS = NO;
				SWIFT_VERSION = 5.0;
				TARGETED_DEVICE_FAMILY = "1,2";
				TEST_HOST = "$(BUILT_PRODUCTS_DIR)/Muvi.app/Muvi";
			};
			name = Debug;
		};
		4045E43F27EAFE4B00FBF3C2 /* Release */ = {
			isa = XCBuildConfiguration;
			buildSettings = {
				ALWAYS_EMBED_SWIFT_STANDARD_LIBRARIES = YES;
				BUNDLE_LOADER = "$(TEST_HOST)";
				CODE_SIGN_STYLE = Automatic;
				CURRENT_PROJECT_VERSION = 1;
				DEVELOPMENT_TEAM = ZM7Z6QL6F3;
				GENERATE_INFOPLIST_FILE = YES;
				IPHONEOS_DEPLOYMENT_TARGET = 15.4;
				MARKETING_VERSION = 1.0;
				PRODUCT_BUNDLE_IDENTIFIER = dev.iciss.MuviTests;
				PRODUCT_NAME = "$(TARGET_NAME)";
				SWIFT_EMIT_LOC_STRINGS = NO;
				SWIFT_VERSION = 5.0;
				TARGETED_DEVICE_FAMILY = "1,2";
				TEST_HOST = "$(BUILT_PRODUCTS_DIR)/Muvi.app/Muvi";
			};
			name = Release;
		};
		4045E44127EAFE4B00FBF3C2 /* Debug */ = {
			isa = XCBuildConfiguration;
			buildSettings = {
				ALWAYS_EMBED_SWIFT_STANDARD_LIBRARIES = YES;
				CODE_SIGN_STYLE = Automatic;
				CURRENT_PROJECT_VERSION = 1;
				DEVELOPMENT_TEAM = ZM7Z6QL6F3;
				GENERATE_INFOPLIST_FILE = YES;
				MARKETING_VERSION = 1.0;
				PRODUCT_BUNDLE_IDENTIFIER = dev.iciss.MuviUITests;
				PRODUCT_NAME = "$(TARGET_NAME)";
				SWIFT_EMIT_LOC_STRINGS = NO;
				SWIFT_VERSION = 5.0;
				TARGETED_DEVICE_FAMILY = "1,2";
				TEST_TARGET_NAME = Muvi;
			};
			name = Debug;
		};
		4045E44227EAFE4B00FBF3C2 /* Release */ = {
			isa = XCBuildConfiguration;
			buildSettings = {
				ALWAYS_EMBED_SWIFT_STANDARD_LIBRARIES = YES;
				CODE_SIGN_STYLE = Automatic;
				CURRENT_PROJECT_VERSION = 1;
				DEVELOPMENT_TEAM = ZM7Z6QL6F3;
				GENERATE_INFOPLIST_FILE = YES;
				MARKETING_VERSION = 1.0;
				PRODUCT_BUNDLE_IDENTIFIER = dev.iciss.MuviUITests;
				PRODUCT_NAME = "$(TARGET_NAME)";
				SWIFT_EMIT_LOC_STRINGS = NO;
				SWIFT_VERSION = 5.0;
				TARGETED_DEVICE_FAMILY = "1,2";
				TEST_TARGET_NAME = Muvi;
			};
			name = Release;
		};
/* End XCBuildConfiguration section */

/* Begin XCConfigurationList section */
		4045E40C27EAFE4A00FBF3C2 /* Build configuration list for PBXProject "Muvi" */ = {
			isa = XCConfigurationList;
			buildConfigurations = (
				4045E43827EAFE4B00FBF3C2 /* Debug */,
				4045E43927EAFE4B00FBF3C2 /* Release */,
			);
			defaultConfigurationIsVisible = 0;
			defaultConfigurationName = Release;
		};
		4045E43A27EAFE4B00FBF3C2 /* Build configuration list for PBXNativeTarget "Muvi" */ = {
			isa = XCConfigurationList;
			buildConfigurations = (
				4045E43B27EAFE4B00FBF3C2 /* Debug */,
				4045E43C27EAFE4B00FBF3C2 /* Release */,
			);
			defaultConfigurationIsVisible = 0;
			defaultConfigurationName = Release;
		};
		4045E43D27EAFE4B00FBF3C2 /* Build configuration list for PBXNativeTarget "MuviTests" */ = {
			isa = XCConfigurationList;
			buildConfigurations = (
				4045E43E27EAFE4B00FBF3C2 /* Debug */,
				4045E43F27EAFE4B00FBF3C2 /* Release */,
			);
			defaultConfigurationIsVisible = 0;
			defaultConfigurationName = Release;
		};
		4045E44027EAFE4B00FBF3C2 /* Build configuration list for PBXNativeTarget "MuviUITests" */ = {
			isa = XCConfigurationList;
			buildConfigurations = (
				4045E44127EAFE4B00FBF3C2 /* Debug */,
				4045E44227EAFE4B00FBF3C2 /* Release */,
			);
			defaultConfigurationIsVisible = 0;
			defaultConfigurationName = Release;
		};
/* End XCConfigurationList section */

/* Begin XCVersionGroup section */
		4045E41F27EAFE4B00FBF3C2 /* Muvi.xcdatamodeld */ = {
			isa = XCVersionGroup;
			children = (
				4045E42027EAFE4B00FBF3C2 /* Muvi.xcdatamodel */,
			);
			currentVersion = 4045E42027EAFE4B00FBF3C2 /* Muvi.xcdatamodel */;
			path = Muvi.xcdatamodeld;
			sourceTree = "<group>";
			versionGroupType = wrapper.xcdatamodel;
		};
/* End XCVersionGroup section */
	};
	rootObject = 4045E40927EAFE4A00FBF3C2 /* Project object */;
}
