// !$*UTF8*$!
{
	archiveVersion = 1;
	classes = {
	};
	objectVersion = 55;
	objects = {

/* Begin PBXBuildFile section */
		4045E41527EAFE4A00FBF3C2 /* MuviApp.swift in Sources */ = {isa = PBXBuildFile; fileRef = 4045E41427EAFE4A00FBF3C2 /* MuviApp.swift */; };
		4045E41727EAFE4A00FBF3C2 /* ContentView.swift in Sources */ = {isa = PBXBuildFile; fileRef = 4045E41627EAFE4A00FBF3C2 /* ContentView.swift */; };
		4045E41C27EAFE4B00FBF3C2 /* Preview Assets.xcassets in Resources */ = {isa = PBXBuildFile; fileRef = 4045E41B27EAFE4B00FBF3C2 /* Preview Assets.xcassets */; };
		404DDC012900CB550092FA87 /* AppRouter.swift in Sources */ = {isa = PBXBuildFile; fileRef = 404DDC002900CB550092FA87 /* AppRouter.swift */; };
		40504A902900EA29004978CD /* Assets.xcassets in Resources */ = {isa = PBXBuildFile; fileRef = 40504A8F2900EA29004978CD /* Assets.xcassets */; };
		40F82ED627EE8AA700C2E00A /* Core in Resources */ = {isa = PBXBuildFile; fileRef = 40F82ED127EE8AA700C2E00A /* Core */; };
		40F82EDC27EE9A0600C2E00A /* MovieFeature in Frameworks */ = {isa = PBXBuildFile; productRef = 40F82EDB27EE9A0600C2E00A /* MovieFeature */; };
		40F82EDE27EE9A0C00C2E00A /* MediaFeature in Frameworks */ = {isa = PBXBuildFile; productRef = 40F82EDD27EE9A0C00C2E00A /* MediaFeature */; };
		40F82EE027EE9A1900C2E00A /* SerieFeature in Frameworks */ = {isa = PBXBuildFile; productRef = 40F82EDF27EE9A1900C2E00A /* SerieFeature */; };
/* End PBXBuildFile section */

/* Begin PBXFileReference section */
		403312602900B4D90051374D /* Features */ = {isa = PBXFileReference; lastKnownFileType = wrapper; path = Features; sourceTree = "<group>"; };
		403C99C529000CD200B6253B /* Shared */ = {isa = PBXFileReference; lastKnownFileType = wrapper; path = Shared; sourceTree = "<group>"; };
		4045E41127EAFE4A00FBF3C2 /* Muvi.app */ = {isa = PBXFileReference; explicitFileType = wrapper.application; includeInIndex = 0; path = Muvi.app; sourceTree = BUILT_PRODUCTS_DIR; };
		4045E41427EAFE4A00FBF3C2 /* MuviApp.swift */ = {isa = PBXFileReference; lastKnownFileType = sourcecode.swift; path = MuviApp.swift; sourceTree = "<group>"; };
		4045E41627EAFE4A00FBF3C2 /* ContentView.swift */ = {isa = PBXFileReference; lastKnownFileType = sourcecode.swift; path = ContentView.swift; sourceTree = "<group>"; };
		4045E41B27EAFE4B00FBF3C2 /* Preview Assets.xcassets */ = {isa = PBXFileReference; lastKnownFileType = folder.assetcatalog; path = "Preview Assets.xcassets"; sourceTree = "<group>"; };
		4045E45E27EB27D000FBF3C2 /* Info.plist */ = {isa = PBXFileReference; lastKnownFileType = text.plist; path = Info.plist; sourceTree = "<group>"; };
		4045E48827EBD0E100FBF3C2 /* Config.xcconfig */ = {isa = PBXFileReference; lastKnownFileType = text.xcconfig; path = Config.xcconfig; sourceTree = "<group>"; };
		404DDC002900CB550092FA87 /* AppRouter.swift */ = {isa = PBXFileReference; lastKnownFileType = sourcecode.swift; path = AppRouter.swift; sourceTree = "<group>"; };
		40504A8F2900EA29004978CD /* Assets.xcassets */ = {isa = PBXFileReference; lastKnownFileType = folder.assetcatalog; path = Assets.xcassets; sourceTree = "<group>"; };
		40F82ED127EE8AA700C2E00A /* Core */ = {isa = PBXFileReference; lastKnownFileType = wrapper; path = Core; sourceTree = "<group>"; };
/* End PBXFileReference section */

/* Begin PBXFrameworksBuildPhase section */
		4045E40E27EAFE4A00FBF3C2 /* Frameworks */ = {
			isa = PBXFrameworksBuildPhase;
			buildActionMask = 2147483647;
			files = (
				40F82EE027EE9A1900C2E00A /* SerieFeature in Frameworks */,
				40F82EDE27EE9A0C00C2E00A /* MediaFeature in Frameworks */,
				40F82EDC27EE9A0600C2E00A /* MovieFeature in Frameworks */,
			);
			runOnlyForDeploymentPostprocessing = 0;
		};
/* End PBXFrameworksBuildPhase section */

/* Begin PBXGroup section */
		4045E40827EAFE4A00FBF3C2 = {
			isa = PBXGroup;
			children = (
				403312602900B4D90051374D /* Features */,
				40F82ED127EE8AA700C2E00A /* Core */,
				403C99C529000CD200B6253B /* Shared */,
				4045E41327EAFE4A00FBF3C2 /* Sources */,
				4045E41227EAFE4A00FBF3C2 /* Products */,
				40F82EDA27EE9A0600C2E00A /* Frameworks */,
			);
			sourceTree = "<group>";
		};
		4045E41227EAFE4A00FBF3C2 /* Products */ = {
			isa = PBXGroup;
			children = (
				4045E41127EAFE4A00FBF3C2 /* Muvi.app */,
			);
			name = Products;
			sourceTree = "<group>";
		};
		4045E41327EAFE4A00FBF3C2 /* Sources */ = {
			isa = PBXGroup;
			children = (
				4045E45E27EB27D000FBF3C2 /* Info.plist */,
				4045E44D27EB1A7500FBF3C2 /* Resources */,
				4045E41427EAFE4A00FBF3C2 /* MuviApp.swift */,
				4045E41627EAFE4A00FBF3C2 /* ContentView.swift */,
				4045E41A27EAFE4B00FBF3C2 /* Preview Content */,
				404DDC002900CB550092FA87 /* AppRouter.swift */,
			);
			path = Sources;
			sourceTree = "<group>";
		};
		4045E41A27EAFE4B00FBF3C2 /* Preview Content */ = {
			isa = PBXGroup;
			children = (
				4045E41B27EAFE4B00FBF3C2 /* Preview Assets.xcassets */,
			);
			path = "Preview Content";
			sourceTree = "<group>";
		};
		4045E44D27EB1A7500FBF3C2 /* Resources */ = {
			isa = PBXGroup;
			children = (
				40504A8F2900EA29004978CD /* Assets.xcassets */,
				4045E48827EBD0E100FBF3C2 /* Config.xcconfig */,
			);
			path = Resources;
			sourceTree = "<group>";
		};
		40F82EDA27EE9A0600C2E00A /* Frameworks */ = {
			isa = PBXGroup;
			children = (
			);
			name = Frameworks;
			sourceTree = "<group>";
		};
/* End PBXGroup section */

/* Begin PBXNativeTarget section */
		4045E41027EAFE4A00FBF3C2 /* Muvi */ = {
			isa = PBXNativeTarget;
			buildConfigurationList = 4045E43A27EAFE4B00FBF3C2 /* Build configuration list for PBXNativeTarget "Muvi" */;
			buildPhases = (
				4045E40D27EAFE4A00FBF3C2 /* Sources */,
				4045E40E27EAFE4A00FBF3C2 /* Frameworks */,
				4045E40F27EAFE4A00FBF3C2 /* Resources */,
			);
			buildRules = (
			);
			dependencies = (
			);
			name = Muvi;
			packageProductDependencies = (
				40F82EDB27EE9A0600C2E00A /* MovieFeature */,
				40F82EDD27EE9A0C00C2E00A /* MediaFeature */,
				40F82EDF27EE9A1900C2E00A /* SerieFeature */,
			);
			productName = Muvi;
			productReference = 4045E41127EAFE4A00FBF3C2 /* Muvi.app */;
			productType = "com.apple.product-type.application";
		};
/* End PBXNativeTarget section */

/* Begin PBXProject section */
		4045E40927EAFE4A00FBF3C2 /* Project object */ = {
			isa = PBXProject;
			attributes = {
				BuildIndependentTargetsInParallel = 1;
				LastSwiftUpdateCheck = 1330;
				LastUpgradeCheck = 1330;
				TargetAttributes = {
					4045E41027EAFE4A00FBF3C2 = {
						CreatedOnToolsVersion = 13.3;
					};
				};
			};
			buildConfigurationList = 4045E40C27EAFE4A00FBF3C2 /* Build configuration list for PBXProject "Muvi" */;
			compatibilityVersion = "Xcode 13.0";
			developmentRegion = en;
			hasScannedForEncodings = 0;
			knownRegions = (
				en,
				Base,
			);
			mainGroup = 4045E40827EAFE4A00FBF3C2;
			packageReferences = (
			);
			productRefGroup = 4045E41227EAFE4A00FBF3C2 /* Products */;
			projectDirPath = "";
			projectRoot = "";
			targets = (
				4045E41027EAFE4A00FBF3C2 /* Muvi */,
			);
		};
/* End PBXProject section */

/* Begin PBXResourcesBuildPhase section */
		4045E40F27EAFE4A00FBF3C2 /* Resources */ = {
			isa = PBXResourcesBuildPhase;
			buildActionMask = 2147483647;
			files = (
				40F82ED627EE8AA700C2E00A /* Core in Resources */,
				40504A902900EA29004978CD /* Assets.xcassets in Resources */,
				4045E41C27EAFE4B00FBF3C2 /* Preview Assets.xcassets in Resources */,
			);
			runOnlyForDeploymentPostprocessing = 0;
		};
/* End PBXResourcesBuildPhase section */

/* Begin PBXSourcesBuildPhase section */
		4045E40D27EAFE4A00FBF3C2 /* Sources */ = {
			isa = PBXSourcesBuildPhase;
			buildActionMask = 2147483647;
			files = (
				4045E41727EAFE4A00FBF3C2 /* ContentView.swift in Sources */,
				4045E41527EAFE4A00FBF3C2 /* MuviApp.swift in Sources */,
				404DDC012900CB550092FA87 /* AppRouter.swift in Sources */,
			);
			runOnlyForDeploymentPostprocessing = 0;
		};
/* End PBXSourcesBuildPhase section */

/* Begin XCBuildConfiguration section */
		4045E43827EAFE4B00FBF3C2 /* Debug */ = {
			isa = XCBuildConfiguration;
			baseConfigurationReference = 4045E48827EBD0E100FBF3C2 /* Config.xcconfig */;
			buildSettings = {
				ALWAYS_SEARCH_USER_PATHS = NO;
				CLANG_ANALYZER_NONNULL = YES;
				CLANG_ANALYZER_NUMBER_OBJECT_CONVERSION = YES_AGGRESSIVE;
				CLANG_CXX_LANGUAGE_STANDARD = "gnu++17";
				CLANG_ENABLE_MODULES = YES;
				CLANG_ENABLE_OBJC_ARC = YES;
				CLANG_ENABLE_OBJC_WEAK = YES;
				CLANG_WARN_BLOCK_CAPTURE_AUTORELEASING = YES;
				CLANG_WARN_BOOL_CONVERSION = YES;
				CLANG_WARN_COMMA = YES;
				CLANG_WARN_CONSTANT_CONVERSION = YES;
				CLANG_WARN_DEPRECATED_OBJC_IMPLEMENTATIONS = YES;
				CLANG_WARN_DIRECT_OBJC_ISA_USAGE = YES_ERROR;
				CLANG_WARN_DOCUMENTATION_COMMENTS = YES;
				CLANG_WARN_EMPTY_BODY = YES;
				CLANG_WARN_ENUM_CONVERSION = YES;
				CLANG_WARN_INFINITE_RECURSION = YES;
				CLANG_WARN_INT_CONVERSION = YES;
				CLANG_WARN_NON_LITERAL_NULL_CONVERSION = YES;
				CLANG_WARN_OBJC_IMPLICIT_RETAIN_SELF = YES;
				CLANG_WARN_OBJC_LITERAL_CONVERSION = YES;
				CLANG_WARN_OBJC_ROOT_CLASS = YES_ERROR;
				CLANG_WARN_QUOTED_INCLUDE_IN_FRAMEWORK_HEADER = YES;
				CLANG_WARN_RANGE_LOOP_ANALYSIS = YES;
				CLANG_WARN_STRICT_PROTOTYPES = YES;
				CLANG_WARN_SUSPICIOUS_MOVE = YES;
				CLANG_WARN_UNGUARDED_AVAILABILITY = YES_AGGRESSIVE;
				CLANG_WARN_UNREACHABLE_CODE = YES;
				CLANG_WARN__DUPLICATE_METHOD_MATCH = YES;
				COPY_PHASE_STRIP = NO;
				DEBUG_INFORMATION_FORMAT = dwarf;
				ENABLE_STRICT_OBJC_MSGSEND = YES;
				ENABLE_TESTABILITY = YES;
				GCC_C_LANGUAGE_STANDARD = gnu11;
				GCC_DYNAMIC_NO_PIC = NO;
				GCC_NO_COMMON_BLOCKS = YES;
				GCC_OPTIMIZATION_LEVEL = 0;
				GCC_PREPROCESSOR_DEFINITIONS = (
					"DEBUG=1",
					"$(inherited)",
				);
				GCC_WARN_64_TO_32_BIT_CONVERSION = YES;
				GCC_WARN_ABOUT_RETURN_TYPE = YES_ERROR;
				GCC_WARN_UNDECLARED_SELECTOR = YES;
				GCC_WARN_UNINITIALIZED_AUTOS = YES_AGGRESSIVE;
				GCC_WARN_UNUSED_FUNCTION = YES;
				GCC_WARN_UNUSED_VARIABLE = YES;
				IPHONEOS_DEPLOYMENT_TARGET = 15.4;
				MTL_ENABLE_DEBUG_INFO = INCLUDE_SOURCE;
				MTL_FAST_MATH = YES;
				ONLY_ACTIVE_ARCH = YES;
				SDKROOT = iphoneos;
				SWIFT_ACTIVE_COMPILATION_CONDITIONS = DEBUG;
				SWIFT_OPTIMIZATION_LEVEL = "-Onone";
			};
			name = Debug;
		};
		4045E43927EAFE4B00FBF3C2 /* Release */ = {
			isa = XCBuildConfiguration;
			baseConfigurationReference = 4045E48827EBD0E100FBF3C2 /* Config.xcconfig */;
			buildSettings = {
				ALWAYS_SEARCH_USER_PATHS = NO;
				CLANG_ANALYZER_NONNULL = YES;
				CLANG_ANALYZER_NUMBER_OBJECT_CONVERSION = YES_AGGRESSIVE;
				CLANG_CXX_LANGUAGE_STANDARD = "gnu++17";
				CLANG_ENABLE_MODULES = YES;
				CLANG_ENABLE_OBJC_ARC = YES;
				CLANG_ENABLE_OBJC_WEAK = YES;
				CLANG_WARN_BLOCK_CAPTURE_AUTORELEASING = YES;
				CLANG_WARN_BOOL_CONVERSION = YES;
				CLANG_WARN_COMMA = YES;
				CLANG_WARN_CONSTANT_CONVERSION = YES;
				CLANG_WARN_DEPRECATED_OBJC_IMPLEMENTATIONS = YES;
				CLANG_WARN_DIRECT_OBJC_ISA_USAGE = YES_ERROR;
				CLANG_WARN_DOCUMENTATION_COMMENTS = YES;
				CLANG_WARN_EMPTY_BODY = YES;
				CLANG_WARN_ENUM_CONVERSION = YES;
				CLANG_WARN_INFINITE_RECURSION = YES;
				CLANG_WARN_INT_CONVERSION = YES;
				CLANG_WARN_NON_LITERAL_NULL_CONVERSION = YES;
				CLANG_WARN_OBJC_IMPLICIT_RETAIN_SELF = YES;
				CLANG_WARN_OBJC_LITERAL_CONVERSION = YES;
				CLANG_WARN_OBJC_ROOT_CLASS = YES_ERROR;
				CLANG_WARN_QUOTED_INCLUDE_IN_FRAMEWORK_HEADER = YES;
				CLANG_WARN_RANGE_LOOP_ANALYSIS = YES;
				CLANG_WARN_STRICT_PROTOTYPES = YES;
				CLANG_WARN_SUSPICIOUS_MOVE = YES;
				CLANG_WARN_UNGUARDED_AVAILABILITY = YES_AGGRESSIVE;
				CLANG_WARN_UNREACHABLE_CODE = YES;
				CLANG_WARN__DUPLICATE_METHOD_MATCH = YES;
				COPY_PHASE_STRIP = NO;
				DEBUG_INFORMATION_FORMAT = "dwarf-with-dsym";
				ENABLE_NS_ASSERTIONS = NO;
				ENABLE_STRICT_OBJC_MSGSEND = YES;
				GCC_C_LANGUAGE_STANDARD = gnu11;
				GCC_NO_COMMON_BLOCKS = YES;
				GCC_WARN_64_TO_32_BIT_CONVERSION = YES;
				GCC_WARN_ABOUT_RETURN_TYPE = YES_ERROR;
				GCC_WARN_UNDECLARED_SELECTOR = YES;
				GCC_WARN_UNINITIALIZED_AUTOS = YES_AGGRESSIVE;
				GCC_WARN_UNUSED_FUNCTION = YES;
				GCC_WARN_UNUSED_VARIABLE = YES;
				IPHONEOS_DEPLOYMENT_TARGET = 15.4;
				MTL_ENABLE_DEBUG_INFO = NO;
				MTL_FAST_MATH = YES;
				SDKROOT = iphoneos;
				SWIFT_COMPILATION_MODE = wholemodule;
				SWIFT_OPTIMIZATION_LEVEL = "-O";
				VALIDATE_PRODUCT = YES;
			};
			name = Release;
		};
		4045E43B27EAFE4B00FBF3C2 /* Debug */ = {
			isa = XCBuildConfiguration;
			buildSettings = {
				ASSETCATALOG_COMPILER_APPICON_NAME = AppIcon;
				ASSETCATALOG_COMPILER_GLOBAL_ACCENT_COLOR_NAME = AccentColor;
				CODE_SIGN_STYLE = Automatic;
				CURRENT_PROJECT_VERSION = 1;
				DEVELOPMENT_ASSET_PATHS = "\"Sources/Preview Content\"";
				DEVELOPMENT_TEAM = ZM7Z6QL6F3;
				ENABLE_PREVIEWS = YES;
				GENERATE_INFOPLIST_FILE = YES;
				INFOPLIST_FILE = Sources/Info.plist;
				INFOPLIST_KEY_UIApplicationSceneManifest_Generation = YES;
				INFOPLIST_KEY_UIApplicationSupportsIndirectInputEvents = YES;
				INFOPLIST_KEY_UILaunchScreen_Generation = YES;
				INFOPLIST_KEY_UISupportedInterfaceOrientations = "UIInterfaceOrientationPortrait UIInterfaceOrientationPortraitUpsideDown UIInterfaceOrientationLandscapeLeft UIInterfaceOrientationLandscapeRight";
				INFOPLIST_KEY_UISupportedInterfaceOrientations_iPad = "UIInterfaceOrientationPortrait UIInterfaceOrientationPortraitUpsideDown UIInterfaceOrientationLandscapeLeft UIInterfaceOrientationLandscapeRight";
				INFOPLIST_KEY_UISupportedInterfaceOrientations_iPhone = "UIInterfaceOrientationPortrait UIInterfaceOrientationLandscapeLeft UIInterfaceOrientationLandscapeRight";
				IPHONEOS_DEPLOYMENT_TARGET = 16.0;
				LD_RUNPATH_SEARCH_PATHS = (
					"$(inherited)",
					"@executable_path/Frameworks",
				);
				MARKETING_VERSION = 1.0;
				PRODUCT_BUNDLE_IDENTIFIER = dev.iciss.Muvi;
				PRODUCT_NAME = "$(TARGET_NAME)";
				SWIFT_EMIT_LOC_STRINGS = YES;
				SWIFT_VERSION = 5.0;
				TARGETED_DEVICE_FAMILY = "1,2";
			};
			name = Debug;
		};
		4045E43C27EAFE4B00FBF3C2 /* Release */ = {
			isa = XCBuildConfiguration;
			buildSettings = {
				ASSETCATALOG_COMPILER_APPICON_NAME = AppIcon;
				ASSETCATALOG_COMPILER_GLOBAL_ACCENT_COLOR_NAME = AccentColor;
				CODE_SIGN_STYLE = Automatic;
				CURRENT_PROJECT_VERSION = 1;
				DEVELOPMENT_ASSET_PATHS = "\"Sources/Preview Content\"";
				DEVELOPMENT_TEAM = ZM7Z6QL6F3;
				ENABLE_PREVIEWS = YES;
				GENERATE_INFOPLIST_FILE = YES;
				INFOPLIST_FILE = Sources/Info.plist;
				INFOPLIST_KEY_UIApplicationSceneManifest_Generation = YES;
				INFOPLIST_KEY_UIApplicationSupportsIndirectInputEvents = YES;
				INFOPLIST_KEY_UILaunchScreen_Generation = YES;
				INFOPLIST_KEY_UISupportedInterfaceOrientations = "UIInterfaceOrientationPortrait UIInterfaceOrientationPortraitUpsideDown UIInterfaceOrientationLandscapeLeft UIInterfaceOrientationLandscapeRight";
				INFOPLIST_KEY_UISupportedInterfaceOrientations_iPad = "UIInterfaceOrientationPortrait UIInterfaceOrientationPortraitUpsideDown UIInterfaceOrientationLandscapeLeft UIInterfaceOrientationLandscapeRight";
				INFOPLIST_KEY_UISupportedInterfaceOrientations_iPhone = "UIInterfaceOrientationPortrait UIInterfaceOrientationLandscapeLeft UIInterfaceOrientationLandscapeRight";
				IPHONEOS_DEPLOYMENT_TARGET = 16.0;
				LD_RUNPATH_SEARCH_PATHS = (
					"$(inherited)",
					"@executable_path/Frameworks",
				);
				MARKETING_VERSION = 1.0;
				PRODUCT_BUNDLE_IDENTIFIER = dev.iciss.Muvi;
				PRODUCT_NAME = "$(TARGET_NAME)";
				SWIFT_EMIT_LOC_STRINGS = YES;
				SWIFT_VERSION = 5.0;
				TARGETED_DEVICE_FAMILY = "1,2";
			};
			name = Release;
		};
/* End XCBuildConfiguration section */

/* Begin XCConfigurationList section */
		4045E40C27EAFE4A00FBF3C2 /* Build configuration list for PBXProject "Muvi" */ = {
			isa = XCConfigurationList;
			buildConfigurations = (
				4045E43827EAFE4B00FBF3C2 /* Debug */,
				4045E43927EAFE4B00FBF3C2 /* Release */,
			);
			defaultConfigurationIsVisible = 0;
			defaultConfigurationName = Release;
		};
		4045E43A27EAFE4B00FBF3C2 /* Build configuration list for PBXNativeTarget "Muvi" */ = {
			isa = XCConfigurationList;
			buildConfigurations = (
				4045E43B27EAFE4B00FBF3C2 /* Debug */,
				4045E43C27EAFE4B00FBF3C2 /* Release */,
			);
			defaultConfigurationIsVisible = 0;
			defaultConfigurationName = Release;
		};
/* End XCConfigurationList section */

/* Begin XCSwiftPackageProductDependency section */
		40F82EDB27EE9A0600C2E00A /* MovieFeature */ = {
			isa = XCSwiftPackageProductDependency;
			productName = MovieFeature;
		};
		40F82EDD27EE9A0C00C2E00A /* MediaFeature */ = {
			isa = XCSwiftPackageProductDependency;
			productName = MediaFeature;
		};
		40F82EDF27EE9A1900C2E00A /* SerieFeature */ = {
			isa = XCSwiftPackageProductDependency;
			productName = SerieFeature;
		};
/* End XCSwiftPackageProductDependency section */
	};
	rootObject = 4045E40927EAFE4A00FBF3C2 /* Project object */;
}
